PODS:
  - AFNetworking (3.2.1):
    - AFNetworking/NSURLSession (= 3.2.1)
    - AFNetworking/Reachability (= 3.2.1)
    - AFNetworking/Security (= 3.2.1)
    - AFNetworking/Serialization (= 3.2.1)
    - AFNetworking/UIKit (= 3.2.1)
  - AFNetworking/NSURLSession (3.2.1):
    - AFNetworking/Reachability
    - AFNetworking/Security
    - AFNetworking/Serialization
  - AFNetworking/Reachability (3.2.1)
  - AFNetworking/Security (3.2.1)
  - AFNetworking/Serialization (3.2.1)
  - AFNetworking/UIKit (3.2.1):
    - AFNetworking/NSURLSession
  - Buglife (2.8.4)
  - CocoaLumberjack (3.4.2):
    - CocoaLumberjack/Default (= 3.4.2)
    - CocoaLumberjack/Extensions (= 3.4.2)
  - CocoaLumberjack/Default (3.4.2)
  - CocoaLumberjack/Extensions (3.4.2):
    - CocoaLumberjack/Default
  - Crashlytics (3.10.9):
    - Fabric (~> 1.7.13)
  - Fabric (1.7.13)
  - JGProgressHUD (2.0.3)
  - Mantle (2.1.0):
    - Mantle/extobjc (= 2.1.0)
  - Mantle/extobjc (2.1.0)
  - OCMock (3.4.3)

DEPENDENCIES:
  - AFNetworking
  - Buglife
  - CocoaLumberjack
  - Crashlytics
  - Fabric
  - JGProgressHUD
  - Mantle (~> 2.1)
  - OCMock

SPEC REPOS:
  https://github.com/cocoapods/specs.git:
    - AFNetworking
    - Buglife
    - CocoaLumberjack
    - Crashlytics
    - Fabric
    - JGProgressHUD
    - Mantle
    - OCMock

SPEC CHECKSUMS:
  AFNetworking: b6f891fdfaed196b46c7a83cf209e09697b94057
  Buglife: 8590424df7061d45217e1a9868899d15eb7f8801
  CocoaLumberjack: db7cc9e464771f12054c22ff6947c5a58d43a0fd
  Crashlytics: 55e24fc23989680285a21cb1146578d9d18e432c
  Fabric: 25d0963b691fc97be566392243ff0ecef5a68338
  JGProgressHUD: 12b20a8f4ffe05258f8635c1ab92816e451f904d
  Mantle: 2fa750afa478cd625a94230fbf1c13462f29395b
  OCMock: 43565190abc78977ad44a61c0d20d7f0784d35ab

PODFILE CHECKSUM: 98221018925ed7567beeb3287aa9630294b6c0e7

COCOAPODS: 1.6.1
